// !$*UTF8*$!
{
	archiveVersion = 1;
	classes = {
	};
	objectVersion = 46;
	objects = {

/* Begin PBXBuildFile section */
		7F094DB91AEDCBB500AE693E /* AppDelegate.swift in Sources */ = {isa = PBXBuildFile; fileRef = 7F094DB81AEDCBB500AE693E /* AppDelegate.swift */; };
		7F094DBB1AEDCBB500AE693E /* ViewController.swift in Sources */ = {isa = PBXBuildFile; fileRef = 7F094DBA1AEDCBB500AE693E /* ViewController.swift */; };
		7F094DBE1AEDCBB500AE693E /* Main.storyboard in Resources */ = {isa = PBXBuildFile; fileRef = 7F094DBC1AEDCBB500AE693E /* Main.storyboard */; };
		7F094DC01AEDCBB500AE693E /* Images.xcassets in Resources */ = {isa = PBXBuildFile; fileRef = 7F094DBF1AEDCBB500AE693E /* Images.xcassets */; };
		7F094DC31AEDCBB500AE693E /* LaunchScreen.xib in Resources */ = {isa = PBXBuildFile; fileRef = 7F094DC11AEDCBB500AE693E /* LaunchScreen.xib */; };
		7F094DCF1AEDCBB500AE693E /* HomeBeaconTests.swift in Sources */ = {isa = PBXBuildFile; fileRef = 7F094DCE1AEDCBB500AE693E /* HomeBeaconTests.swift */; };
		7F094DD91AEDCC1200AE693E /* CoreLocation.framework in Frameworks */ = {isa = PBXBuildFile; fileRef = 7F094DD81AEDCC1200AE693E /* CoreLocation.framework */; };
		7F0B88C51AEDF2BE00E9DE40 /* Alamofire.framework in Frameworks */ = {isa = PBXBuildFile; fileRef = 7FB46F201AEDF05D00A59205 /* Alamofire.framework */; };
		7F0B88C61AEDF2F600E9DE40 /* Pods_HomeBeacon.framework in Frameworks */ = {isa = PBXBuildFile; fileRef = 7FB46F1E1AEDF05D00A59205 /* Pods_HomeBeacon.framework */; };
		7F0B88D81AEDF68000E9DE40 /* Fabric.framework in Frameworks */ = {isa = PBXBuildFile; fileRef = 7F0B88D51AEDF68000E9DE40 /* Fabric.framework */; };
		7F0B88DB1AEDF6D900E9DE40 /* TwitterKit.framework in Frameworks */ = {isa = PBXBuildFile; fileRef = 7F0B88D91AEDF6D900E9DE40 /* TwitterKit.framework */; };
		7F0B88DC1AEDF6D900E9DE40 /* TwitterKitResources.bundle in Resources */ = {isa = PBXBuildFile; fileRef = 7F0B88DA1AEDF6D900E9DE40 /* TwitterKitResources.bundle */; };
		7F0B88DE1AEDF70300E9DE40 /* LoginViewController.swift in Sources */ = {isa = PBXBuildFile; fileRef = 7F0B88DD1AEDF70300E9DE40 /* LoginViewController.swift */; };
		7F4A3C311B0AF7B1003660AC /* Hex.swift in Sources */ = {isa = PBXBuildFile; fileRef = 7F4A3C301B0AF7B1003660AC /* Hex.swift */; };
		8948E0662DB09CB0A6F91685 /* Pods_HomeBeaconTests.framework in Frameworks */ = {isa = PBXBuildFile; fileRef = 184A84B034299B9190B57021 /* Pods_HomeBeaconTests.framework */; settings = {ATTRIBUTES = (Weak, ); }; };
		C1443AC94D6421127BD97275 /* Pods_HomeBeacon.framework in Frameworks */ = {isa = PBXBuildFile; fileRef = D509F5056DFDF4E0F1CC8051 /* Pods_HomeBeacon.framework */; settings = {ATTRIBUTES = (Weak, ); }; };
/* End PBXBuildFile section */

/* Begin PBXContainerItemProxy section */
		7F094DC91AEDCBB500AE693E /* PBXContainerItemProxy */ = {
			isa = PBXContainerItemProxy;
			containerPortal = 7F094DAB1AEDCBB500AE693E /* Project object */;
			proxyType = 1;
			remoteGlobalIDString = 7F094DB21AEDCBB500AE693E;
			remoteInfo = HomeBeacon;
		};
		7FB46F1D1AEDF05D00A59205 /* PBXContainerItemProxy */ = {
			isa = PBXContainerItemProxy;
			containerPortal = 7F44A58C1AEDEB6200B3398E /* Pods.xcodeproj */;
			proxyType = 2;
			remoteGlobalIDString = 1C83F865A58F1F913E4BB78D;
			remoteInfo = "Pods-HomeBeacon";
		};
		7FB46F1F1AEDF05D00A59205 /* PBXContainerItemProxy */ = {
			isa = PBXContainerItemProxy;
			containerPortal = 7F44A58C1AEDEB6200B3398E /* Pods.xcodeproj */;
			proxyType = 2;
			remoteGlobalIDString = E2750BDC28F56D7B86B6EA27;
			remoteInfo = "Pods-HomeBeacon-Alamofire";
		};
		7FF5A2B81AEDF33D00D2F5B7 /* PBXContainerItemProxy */ = {
			isa = PBXContainerItemProxy;
			containerPortal = 7F44A58C1AEDEB6200B3398E /* Pods.xcodeproj */;
			proxyType = 2;
			remoteGlobalIDString = DB0DF746DEEDB692EDB5279F;
			remoteInfo = "Pods-HomeBeaconTests";
		};
		7FF5A2BA1AEDF33D00D2F5B7 /* PBXContainerItemProxy */ = {
			isa = PBXContainerItemProxy;
			containerPortal = 7F44A58C1AEDEB6200B3398E /* Pods.xcodeproj */;
			proxyType = 2;
			remoteGlobalIDString = 30F58B52D0A7CD94FE55DD29;
			remoteInfo = "Pods-HomeBeaconTests-Alamofire";
		};
/* End PBXContainerItemProxy section */

/* Begin PBXFileReference section */
		184A84B034299B9190B57021 /* Pods_HomeBeaconTests.framework */ = {isa = PBXFileReference; explicitFileType = wrapper.framework; includeInIndex = 0; path = Pods_HomeBeaconTests.framework; sourceTree = BUILT_PRODUCTS_DIR; };
		2BF153D4C3652DF7BFFB2633 /* Pods.framework */ = {isa = PBXFileReference; explicitFileType = wrapper.framework; includeInIndex = 0; path = Pods.framework; sourceTree = BUILT_PRODUCTS_DIR; };
		5117208AAB18B7146FFE6ED0 /* Pods-HomeBeaconTests.release.xcconfig */ = {isa = PBXFileReference; includeInIndex = 1; lastKnownFileType = text.xcconfig; name = "Pods-HomeBeaconTests.release.xcconfig"; path = "Pods/Target Support Files/Pods-HomeBeaconTests/Pods-HomeBeaconTests.release.xcconfig"; sourceTree = "<group>"; };
		7F094DB31AEDCBB500AE693E /* HomeBeacon.app */ = {isa = PBXFileReference; explicitFileType = wrapper.application; includeInIndex = 0; path = HomeBeacon.app; sourceTree = BUILT_PRODUCTS_DIR; };
		7F094DB71AEDCBB500AE693E /* Info.plist */ = {isa = PBXFileReference; lastKnownFileType = text.plist.xml; path = Info.plist; sourceTree = "<group>"; };
		7F094DB81AEDCBB500AE693E /* AppDelegate.swift */ = {isa = PBXFileReference; lastKnownFileType = sourcecode.swift; path = AppDelegate.swift; sourceTree = "<group>"; };
		7F094DBA1AEDCBB500AE693E /* ViewController.swift */ = {isa = PBXFileReference; lastKnownFileType = sourcecode.swift; path = ViewController.swift; sourceTree = "<group>"; };
		7F094DBD1AEDCBB500AE693E /* Base */ = {isa = PBXFileReference; lastKnownFileType = file.storyboard; name = Base; path = Base.lproj/Main.storyboard; sourceTree = "<group>"; };
		7F094DBF1AEDCBB500AE693E /* Images.xcassets */ = {isa = PBXFileReference; lastKnownFileType = folder.assetcatalog; path = Images.xcassets; sourceTree = "<group>"; };
		7F094DC21AEDCBB500AE693E /* Base */ = {isa = PBXFileReference; lastKnownFileType = file.xib; name = Base; path = Base.lproj/LaunchScreen.xib; sourceTree = "<group>"; };
		7F094DC81AEDCBB500AE693E /* HomeBeaconTests.xctest */ = {isa = PBXFileReference; explicitFileType = wrapper.cfbundle; includeInIndex = 0; path = HomeBeaconTests.xctest; sourceTree = BUILT_PRODUCTS_DIR; };
		7F094DCD1AEDCBB500AE693E /* Info.plist */ = {isa = PBXFileReference; lastKnownFileType = text.plist.xml; path = Info.plist; sourceTree = "<group>"; };
		7F094DCE1AEDCBB500AE693E /* HomeBeaconTests.swift */ = {isa = PBXFileReference; lastKnownFileType = sourcecode.swift; path = HomeBeaconTests.swift; sourceTree = "<group>"; };
		7F094DD81AEDCC1200AE693E /* CoreLocation.framework */ = {isa = PBXFileReference; lastKnownFileType = wrapper.framework; name = CoreLocation.framework; path = System/Library/Frameworks/CoreLocation.framework; sourceTree = SDKROOT; };
		7F0B88D51AEDF68000E9DE40 /* Fabric.framework */ = {isa = PBXFileReference; lastKnownFileType = wrapper.framework; path = Fabric.framework; sourceTree = "<group>"; };
		7F0B88D91AEDF6D900E9DE40 /* TwitterKit.framework */ = {isa = PBXFileReference; lastKnownFileType = wrapper.framework; path = TwitterKit.framework; sourceTree = "<group>"; };
		7F0B88DA1AEDF6D900E9DE40 /* TwitterKitResources.bundle */ = {isa = PBXFileReference; lastKnownFileType = "wrapper.plug-in"; name = TwitterKitResources.bundle; path = TwitterKit.framework/Versions/A/Resources/TwitterKitResources.bundle; sourceTree = "<group>"; };
		7F0B88DD1AEDF70300E9DE40 /* LoginViewController.swift */ = {isa = PBXFileReference; fileEncoding = 4; lastKnownFileType = sourcecode.swift; path = LoginViewController.swift; sourceTree = "<group>"; };
		7F44A58A1AEDEAF500B3398E /* Alamofire.framework */ = {isa = PBXFileReference; lastKnownFileType = wrapper.framework; name = Alamofire.framework; path = "Pods/../build/Debug-iphoneos/Pods-HomeBeacon/Alamofire.framework"; sourceTree = "<group>"; };
		7F44A58C1AEDEB6200B3398E /* Pods.xcodeproj */ = {isa = PBXFileReference; lastKnownFileType = "wrapper.pb-project"; name = Pods.xcodeproj; path = Pods/Pods.xcodeproj; sourceTree = "<group>"; };
		7F4A3C301B0AF7B1003660AC /* Hex.swift */ = {isa = PBXFileReference; fileEncoding = 4; lastKnownFileType = sourcecode.swift; path = Hex.swift; sourceTree = "<group>"; };
		7FF77FCD1AEDD1C2007A0DFD /* tos_beep.caf */ = {isa = PBXFileReference; lastKnownFileType = file; name = tos_beep.caf; path = "../../../../../../../private/tmp/ibeacon-swift-tutorial/iBeaconTemplateSwift/tos_beep.caf"; sourceTree = "<group>"; };
		8CEB7611C184D852EF93B286 /* Pods-HomeBeacon.release.xcconfig */ = {isa = PBXFileReference; includeInIndex = 1; lastKnownFileType = text.xcconfig; name = "Pods-HomeBeacon.release.xcconfig"; path = "Pods/Target Support Files/Pods-HomeBeacon/Pods-HomeBeacon.release.xcconfig"; sourceTree = "<group>"; };
		908DA4C736026A43C7FD387E /* Pods-HomeBeacon.debug.xcconfig */ = {isa = PBXFileReference; includeInIndex = 1; lastKnownFileType = text.xcconfig; name = "Pods-HomeBeacon.debug.xcconfig"; path = "Pods/Target Support Files/Pods-HomeBeacon/Pods-HomeBeacon.debug.xcconfig"; sourceTree = "<group>"; };
		D509F5056DFDF4E0F1CC8051 /* Pods_HomeBeacon.framework */ = {isa = PBXFileReference; explicitFileType = wrapper.framework; includeInIndex = 0; path = Pods_HomeBeacon.framework; sourceTree = BUILT_PRODUCTS_DIR; };
		FE50FC4DFFCC8AF45BD731DE /* Pods-HomeBeaconTests.debug.xcconfig */ = {isa = PBXFileReference; includeInIndex = 1; lastKnownFileType = text.xcconfig; name = "Pods-HomeBeaconTests.debug.xcconfig"; path = "Pods/Target Support Files/Pods-HomeBeaconTests/Pods-HomeBeaconTests.debug.xcconfig"; sourceTree = "<group>"; };
/* End PBXFileReference section */

/* Begin PBXFrameworksBuildPhase section */
		7F094DB01AEDCBB500AE693E /* Frameworks */ = {
			isa = PBXFrameworksBuildPhase;
			buildActionMask = 2147483647;
			files = (
				7F0B88C61AEDF2F600E9DE40 /* Pods_HomeBeacon.framework in Frameworks */,
				7F0B88C51AEDF2BE00E9DE40 /* Alamofire.framework in Frameworks */,
				7F094DD91AEDCC1200AE693E /* CoreLocation.framework in Frameworks */,
				C1443AC94D6421127BD97275 /* Pods_HomeBeacon.framework in Frameworks */,
				7F0B88D81AEDF68000E9DE40 /* Fabric.framework in Frameworks */,
				7F0B88DB1AEDF6D900E9DE40 /* TwitterKit.framework in Frameworks */,
			);
			runOnlyForDeploymentPostprocessing = 0;
		};
		7F094DC51AEDCBB500AE693E /* Frameworks */ = {
			isa = PBXFrameworksBuildPhase;
			buildActionMask = 2147483647;
			files = (
				8948E0662DB09CB0A6F91685 /* Pods_HomeBeaconTests.framework in Frameworks */,
			);
			runOnlyForDeploymentPostprocessing = 0;
		};
/* End PBXFrameworksBuildPhase section */

/* Begin PBXGroup section */
		009DC6949506C7B1A0B68C35 /* Pods */ = {
			isa = PBXGroup;
			children = (
				908DA4C736026A43C7FD387E /* Pods-HomeBeacon.debug.xcconfig */,
				8CEB7611C184D852EF93B286 /* Pods-HomeBeacon.release.xcconfig */,
				FE50FC4DFFCC8AF45BD731DE /* Pods-HomeBeaconTests.debug.xcconfig */,
				5117208AAB18B7146FFE6ED0 /* Pods-HomeBeaconTests.release.xcconfig */,
			);
			name = Pods;
			sourceTree = "<group>";
		};
		124E41D10EA3813E600B534D /* Frameworks */ = {
			isa = PBXGroup;
			children = (
				7F44A58C1AEDEB6200B3398E /* Pods.xcodeproj */,
				7F44A58A1AEDEAF500B3398E /* Alamofire.framework */,
				D509F5056DFDF4E0F1CC8051 /* Pods_HomeBeacon.framework */,
				2BF153D4C3652DF7BFFB2633 /* Pods.framework */,
				184A84B034299B9190B57021 /* Pods_HomeBeaconTests.framework */,
			);
			name = Frameworks;
			sourceTree = "<group>";
		};
		7F094DAA1AEDCBB500AE693E = {
			isa = PBXGroup;
			children = (
				7F0B88D91AEDF6D900E9DE40 /* TwitterKit.framework */,
				7F0B88DA1AEDF6D900E9DE40 /* TwitterKitResources.bundle */,
				7F0B88D51AEDF68000E9DE40 /* Fabric.framework */,
				7F094DD81AEDCC1200AE693E /* CoreLocation.framework */,
				7F094DB51AEDCBB500AE693E /* HomeBeacon */,
				7F094DCB1AEDCBB500AE693E /* HomeBeaconTests */,
				7F094DB41AEDCBB500AE693E /* Products */,
				009DC6949506C7B1A0B68C35 /* Pods */,
				124E41D10EA3813E600B534D /* Frameworks */,
			);
			sourceTree = "<group>";
		};
		7F094DB41AEDCBB500AE693E /* Products */ = {
			isa = PBXGroup;
			children = (
				7F094DB31AEDCBB500AE693E /* HomeBeacon.app */,
				7F094DC81AEDCBB500AE693E /* HomeBeaconTests.xctest */,
			);
			name = Products;
			sourceTree = "<group>";
		};
		7F094DB51AEDCBB500AE693E /* HomeBeacon */ = {
			isa = PBXGroup;
			children = (
				7F094DB81AEDCBB500AE693E /* AppDelegate.swift */,
				7F094DBA1AEDCBB500AE693E /* ViewController.swift */,
				7F0B88DD1AEDF70300E9DE40 /* LoginViewController.swift */,
				7F4A3C301B0AF7B1003660AC /* Hex.swift */,
				7F094DBC1AEDCBB500AE693E /* Main.storyboard */,
				7F094DBF1AEDCBB500AE693E /* Images.xcassets */,
				7F094DC11AEDCBB500AE693E /* LaunchScreen.xib */,
				7F094DB61AEDCBB500AE693E /* Supporting Files */,
			);
			path = HomeBeacon;
			sourceTree = "<group>";
		};
		7F094DB61AEDCBB500AE693E /* Supporting Files */ = {
			isa = PBXGroup;
			children = (
				7FF77FCD1AEDD1C2007A0DFD /* tos_beep.caf */,
				7F094DB71AEDCBB500AE693E /* Info.plist */,
			);
			name = "Supporting Files";
			sourceTree = "<group>";
		};
		7F094DCB1AEDCBB500AE693E /* HomeBeaconTests */ = {
			isa = PBXGroup;
			children = (
				7F094DCE1AEDCBB500AE693E /* HomeBeaconTests.swift */,
				7F094DCC1AEDCBB500AE693E /* Supporting Files */,
			);
			path = HomeBeaconTests;
			sourceTree = "<group>";
		};
		7F094DCC1AEDCBB500AE693E /* Supporting Files */ = {
			isa = PBXGroup;
			children = (
				7F094DCD1AEDCBB500AE693E /* Info.plist */,
			);
			name = "Supporting Files";
			sourceTree = "<group>";
		};
		7F44A58D1AEDEB6200B3398E /* Products */ = {
			isa = PBXGroup;
			children = (
				7FB46F1E1AEDF05D00A59205 /* Pods_HomeBeacon.framework */,
				7FB46F201AEDF05D00A59205 /* Alamofire.framework */,
				7FF5A2B91AEDF33D00D2F5B7 /* Pods_HomeBeaconTests.framework */,
				7FF5A2BB1AEDF33D00D2F5B7 /* Alamofire.framework */,
			);
			name = Products;
			sourceTree = "<group>";
		};
/* End PBXGroup section */

/* Begin PBXNativeTarget section */
		7F094DB21AEDCBB500AE693E /* HomeBeacon */ = {
			isa = PBXNativeTarget;
			buildConfigurationList = 7F094DD21AEDCBB500AE693E /* Build configuration list for PBXNativeTarget "HomeBeacon" */;
			buildPhases = (
				B69F35CB53152E281B33C45E /* Check Pods Manifest.lock */,
				7F094DAF1AEDCBB500AE693E /* Sources */,
				7F094DB01AEDCBB500AE693E /* Frameworks */,
				7F094DB11AEDCBB500AE693E /* Resources */,
				E681C4FC07AC5755AAEB25C7 /* Embed Pods Frameworks */,
				0E591B4A3C5B5B31BDF084D6 /* Copy Pods Resources */,
				7F0B88C81AEDF5E800E9DE40 /* ShellScript */,
			);
			buildRules = (
			);
			dependencies = (
			);
			name = HomeBeacon;
			productName = HomeBeacon;
			productReference = 7F094DB31AEDCBB500AE693E /* HomeBeacon.app */;
			productType = "com.apple.product-type.application";
		};
		7F094DC71AEDCBB500AE693E /* HomeBeaconTests */ = {
			isa = PBXNativeTarget;
			buildConfigurationList = 7F094DD51AEDCBB500AE693E /* Build configuration list for PBXNativeTarget "HomeBeaconTests" */;
			buildPhases = (
				7C31E429B284F77CB71604AA /* Check Pods Manifest.lock */,
				7F094DC41AEDCBB500AE693E /* Sources */,
				7F094DC51AEDCBB500AE693E /* Frameworks */,
				7F094DC61AEDCBB500AE693E /* Resources */,
				75EE571FA954752144FBAB24 /* Embed Pods Frameworks */,
				2806810C2855A9160620A3B4 /* Copy Pods Resources */,
			);
			buildRules = (
			);
			dependencies = (
				7F094DCA1AEDCBB500AE693E /* PBXTargetDependency */,
			);
			name = HomeBeaconTests;
			productName = HomeBeaconTests;
			productReference = 7F094DC81AEDCBB500AE693E /* HomeBeaconTests.xctest */;
			productType = "com.apple.product-type.bundle.unit-test";
		};
/* End PBXNativeTarget section */

/* Begin PBXProject section */
		7F094DAB1AEDCBB500AE693E /* Project object */ = {
			isa = PBXProject;
			attributes = {
				LastUpgradeCheck = 0630;
				ORGANIZATIONNAME = RequestLabs;
				TargetAttributes = {
					7F094DB21AEDCBB500AE693E = {
						CreatedOnToolsVersion = 6.3;
						SystemCapabilities = {
							com.apple.BackgroundModes = {
								enabled = 1;
							};
						};
					};
					7F094DC71AEDCBB500AE693E = {
						CreatedOnToolsVersion = 6.3;
						TestTargetID = 7F094DB21AEDCBB500AE693E;
					};
				};
			};
			buildConfigurationList = 7F094DAE1AEDCBB500AE693E /* Build configuration list for PBXProject "HomeBeacon" */;
			compatibilityVersion = "Xcode 3.2";
			developmentRegion = English;
			hasScannedForEncodings = 0;
			knownRegions = (
				en,
				Base,
			);
			mainGroup = 7F094DAA1AEDCBB500AE693E;
			productRefGroup = 7F094DB41AEDCBB500AE693E /* Products */;
			projectDirPath = "";
			projectReferences = (
				{
					ProductGroup = 7F44A58D1AEDEB6200B3398E /* Products */;
					ProjectRef = 7F44A58C1AEDEB6200B3398E /* Pods.xcodeproj */;
				},
			);
			projectRoot = "";
			targets = (
				7F094DB21AEDCBB500AE693E /* HomeBeacon */,
				7F094DC71AEDCBB500AE693E /* HomeBeaconTests */,
			);
		};
/* End PBXProject section */

/* Begin PBXReferenceProxy section */
		7FB46F1E1AEDF05D00A59205 /* Pods_HomeBeacon.framework */ = {
			isa = PBXReferenceProxy;
			fileType = wrapper.framework;
			path = Pods_HomeBeacon.framework;
			remoteRef = 7FB46F1D1AEDF05D00A59205 /* PBXContainerItemProxy */;
			sourceTree = BUILT_PRODUCTS_DIR;
		};
		7FB46F201AEDF05D00A59205 /* Alamofire.framework */ = {
			isa = PBXReferenceProxy;
			fileType = wrapper.framework;
			path = Alamofire.framework;
			remoteRef = 7FB46F1F1AEDF05D00A59205 /* PBXContainerItemProxy */;
			sourceTree = BUILT_PRODUCTS_DIR;
		};
		7FF5A2B91AEDF33D00D2F5B7 /* Pods_HomeBeaconTests.framework */ = {
			isa = PBXReferenceProxy;
			fileType = wrapper.framework;
			path = Pods_HomeBeaconTests.framework;
			remoteRef = 7FF5A2B81AEDF33D00D2F5B7 /* PBXContainerItemProxy */;
			sourceTree = BUILT_PRODUCTS_DIR;
		};
		7FF5A2BB1AEDF33D00D2F5B7 /* Alamofire.framework */ = {
			isa = PBXReferenceProxy;
			fileType = wrapper.framework;
			path = Alamofire.framework;
			remoteRef = 7FF5A2BA1AEDF33D00D2F5B7 /* PBXContainerItemProxy */;
			sourceTree = BUILT_PRODUCTS_DIR;
		};
/* End PBXReferenceProxy section */

/* Begin PBXResourcesBuildPhase section */
		7F094DB11AEDCBB500AE693E /* Resources */ = {
			isa = PBXResourcesBuildPhase;
			buildActionMask = 2147483647;
			files = (
				7F0B88DC1AEDF6D900E9DE40 /* TwitterKitResources.bundle in Resources */,
				7F094DBE1AEDCBB500AE693E /* Main.storyboard in Resources */,
				7F094DC31AEDCBB500AE693E /* LaunchScreen.xib in Resources */,
				7F094DC01AEDCBB500AE693E /* Images.xcassets in Resources */,
			);
			runOnlyForDeploymentPostprocessing = 0;
		};
		7F094DC61AEDCBB500AE693E /* Resources */ = {
			isa = PBXResourcesBuildPhase;
			buildActionMask = 2147483647;
			files = (
			);
			runOnlyForDeploymentPostprocessing = 0;
		};
/* End PBXResourcesBuildPhase section */

/* Begin PBXShellScriptBuildPhase section */
		0E591B4A3C5B5B31BDF084D6 /* Copy Pods Resources */ = {
			isa = PBXShellScriptBuildPhase;
			buildActionMask = 2147483647;
			files = (
			);
			inputPaths = (
			);
			name = "Copy Pods Resources";
			outputPaths = (
			);
			runOnlyForDeploymentPostprocessing = 0;
			shellPath = /bin/sh;
			shellScript = "\"${SRCROOT}/Pods/Target Support Files/Pods-HomeBeacon/Pods-HomeBeacon-resources.sh\"\n";
			showEnvVarsInLog = 0;
		};
		2806810C2855A9160620A3B4 /* Copy Pods Resources */ = {
			isa = PBXShellScriptBuildPhase;
			buildActionMask = 2147483647;
			files = (
			);
			inputPaths = (
			);
			name = "Copy Pods Resources";
			outputPaths = (
			);
			runOnlyForDeploymentPostprocessing = 0;
			shellPath = /bin/sh;
			shellScript = "\"${SRCROOT}/Pods/Target Support Files/Pods-HomeBeaconTests/Pods-HomeBeaconTests-resources.sh\"\n";
			showEnvVarsInLog = 0;
		};
		75EE571FA954752144FBAB24 /* Embed Pods Frameworks */ = {
			isa = PBXShellScriptBuildPhase;
			buildActionMask = 2147483647;
			files = (
			);
			inputPaths = (
			);
			name = "Embed Pods Frameworks";
			outputPaths = (
			);
			runOnlyForDeploymentPostprocessing = 0;
			shellPath = /bin/sh;
			shellScript = "\"${SRCROOT}/Pods/Target Support Files/Pods-HomeBeaconTests/Pods-HomeBeaconTests-frameworks.sh\"\n";
			showEnvVarsInLog = 0;
		};
		7C31E429B284F77CB71604AA /* Check Pods Manifest.lock */ = {
			isa = PBXShellScriptBuildPhase;
			buildActionMask = 2147483647;
			files = (
			);
			inputPaths = (
			);
			name = "Check Pods Manifest.lock";
			outputPaths = (
			);
			runOnlyForDeploymentPostprocessing = 0;
			shellPath = /bin/sh;
			shellScript = "diff \"${PODS_ROOT}/../Podfile.lock\" \"${PODS_ROOT}/Manifest.lock\" > /dev/null\nif [[ $? != 0 ]] ; then\n    cat << EOM\nerror: The sandbox is not in sync with the Podfile.lock. Run 'pod install' or update your CocoaPods installation.\nEOM\n    exit 1\nfi\n";
			showEnvVarsInLog = 0;
		};
		7F0B88C81AEDF5E800E9DE40 /* ShellScript */ = {
			isa = PBXShellScriptBuildPhase;
			buildActionMask = 2147483647;
			files = (
			);
			inputPaths = (
			);
			outputPaths = (
			);
			runOnlyForDeploymentPostprocessing = 0;
			shellPath = /bin/sh;
			shellScript = "./Fabric.framework/run abb870ac2c6cd77fc0a3ee166f786a86748f4eb9 47d331d25396fd56e08c5c5891c16a003ba5647e584bf8fc07feb0e8ae92ab92";
		};
		B69F35CB53152E281B33C45E /* Check Pods Manifest.lock */ = {
			isa = PBXShellScriptBuildPhase;
			buildActionMask = 2147483647;
			files = (
			);
			inputPaths = (
			);
			name = "Check Pods Manifest.lock";
			outputPaths = (
			);
			runOnlyForDeploymentPostprocessing = 0;
			shellPath = /bin/sh;
			shellScript = "diff \"${PODS_ROOT}/../Podfile.lock\" \"${PODS_ROOT}/Manifest.lock\" > /dev/null\nif [[ $? != 0 ]] ; then\n    cat << EOM\nerror: The sandbox is not in sync with the Podfile.lock. Run 'pod install' or update your CocoaPods installation.\nEOM\n    exit 1\nfi\n";
			showEnvVarsInLog = 0;
		};
		E681C4FC07AC5755AAEB25C7 /* Embed Pods Frameworks */ = {
			isa = PBXShellScriptBuildPhase;
			buildActionMask = 2147483647;
			files = (
			);
			inputPaths = (
			);
			name = "Embed Pods Frameworks";
			outputPaths = (
			);
			runOnlyForDeploymentPostprocessing = 0;
			shellPath = /bin/sh;
			shellScript = "\"${SRCROOT}/Pods/Target Support Files/Pods-HomeBeacon/Pods-HomeBeacon-frameworks.sh\"\n";
			showEnvVarsInLog = 0;
		};
/* End PBXShellScriptBuildPhase section */

/* Begin PBXSourcesBuildPhase section */
		7F094DAF1AEDCBB500AE693E /* Sources */ = {
			isa = PBXSourcesBuildPhase;
			buildActionMask = 2147483647;
			files = (
				7F0B88DE1AEDF70300E9DE40 /* LoginViewController.swift in Sources */,
				7F4A3C311B0AF7B1003660AC /* Hex.swift in Sources */,
				7F094DBB1AEDCBB500AE693E /* ViewController.swift in Sources */,
				7F094DB91AEDCBB500AE693E /* AppDelegate.swift in Sources */,
			);
			runOnlyForDeploymentPostprocessing = 0;
		};
		7F094DC41AEDCBB500AE693E /* Sources */ = {
			isa = PBXSourcesBuildPhase;
			buildActionMask = 2147483647;
			files = (
				7F094DCF1AEDCBB500AE693E /* HomeBeaconTests.swift in Sources */,
			);
			runOnlyForDeploymentPostprocessing = 0;
		};
/* End PBXSourcesBuildPhase section */

/* Begin PBXTargetDependency section */
		7F094DCA1AEDCBB500AE693E /* PBXTargetDependency */ = {
			isa = PBXTargetDependency;
			target = 7F094DB21AEDCBB500AE693E /* HomeBeacon */;
			targetProxy = 7F094DC91AEDCBB500AE693E /* PBXContainerItemProxy */;
		};
/* End PBXTargetDependency section */

/* Begin PBXVariantGroup section */
		7F094DBC1AEDCBB500AE693E /* Main.storyboard */ = {
			isa = PBXVariantGroup;
			children = (
				7F094DBD1AEDCBB500AE693E /* Base */,
			);
			name = Main.storyboard;
			sourceTree = "<group>";
		};
		7F094DC11AEDCBB500AE693E /* LaunchScreen.xib */ = {
			isa = PBXVariantGroup;
			children = (
				7F094DC21AEDCBB500AE693E /* Base */,
			);
			name = LaunchScreen.xib;
			sourceTree = "<group>";
		};
/* End PBXVariantGroup section */

/* Begin XCBuildConfiguration section */
		7F094DD01AEDCBB500AE693E /* Debug */ = {
			isa = XCBuildConfiguration;
			buildSettings = {
				ALWAYS_SEARCH_USER_PATHS = NO;
				CLANG_CXX_LANGUAGE_STANDARD = "gnu++0x";
				CLANG_CXX_LIBRARY = "libc++";
				CLANG_ENABLE_MODULES = YES;
				CLANG_ENABLE_OBJC_ARC = YES;
				CLANG_WARN_BOOL_CONVERSION = YES;
				CLANG_WARN_CONSTANT_CONVERSION = YES;
				CLANG_WARN_DIRECT_OBJC_ISA_USAGE = YES_ERROR;
				CLANG_WARN_EMPTY_BODY = YES;
				CLANG_WARN_ENUM_CONVERSION = YES;
				CLANG_WARN_INT_CONVERSION = YES;
				CLANG_WARN_OBJC_ROOT_CLASS = YES_ERROR;
				CLANG_WARN_UNREACHABLE_CODE = YES;
				CLANG_WARN__DUPLICATE_METHOD_MATCH = YES;
				"CODE_SIGN_IDENTITY[sdk=iphoneos*]" = "iPhone Developer";
				COPY_PHASE_STRIP = NO;
				DEBUG_INFORMATION_FORMAT = "dwarf-with-dsym";
				ENABLE_STRICT_OBJC_MSGSEND = YES;
				GCC_C_LANGUAGE_STANDARD = gnu99;
				GCC_DYNAMIC_NO_PIC = NO;
				GCC_NO_COMMON_BLOCKS = YES;
				GCC_OPTIMIZATION_LEVEL = 0;
				GCC_PREPROCESSOR_DEFINITIONS = (
					"DEBUG=1",
					"$(inherited)",
				);
				GCC_SYMBOLS_PRIVATE_EXTERN = NO;
				GCC_WARN_64_TO_32_BIT_CONVERSION = YES;
				GCC_WARN_ABOUT_RETURN_TYPE = YES_ERROR;
				GCC_WARN_UNDECLARED_SELECTOR = YES;
				GCC_WARN_UNINITIALIZED_AUTOS = YES_AGGRESSIVE;
				GCC_WARN_UNUSED_FUNCTION = YES;
				GCC_WARN_UNUSED_VARIABLE = YES;
				IPHONEOS_DEPLOYMENT_TARGET = 8.3;
				MTL_ENABLE_DEBUG_INFO = YES;
				ONLY_ACTIVE_ARCH = YES;
				SDKROOT = iphoneos;
				SWIFT_OPTIMIZATION_LEVEL = "-Onone";
				TARGETED_DEVICE_FAMILY = "1,2";
			};
			name = Debug;
		};
		7F094DD11AEDCBB500AE693E /* Release */ = {
			isa = XCBuildConfiguration;
			buildSettings = {
				ALWAYS_SEARCH_USER_PATHS = NO;
				CLANG_CXX_LANGUAGE_STANDARD = "gnu++0x";
				CLANG_CXX_LIBRARY = "libc++";
				CLANG_ENABLE_MODULES = YES;
				CLANG_ENABLE_OBJC_ARC = YES;
				CLANG_WARN_BOOL_CONVERSION = YES;
				CLANG_WARN_CONSTANT_CONVERSION = YES;
				CLANG_WARN_DIRECT_OBJC_ISA_USAGE = YES_ERROR;
				CLANG_WARN_EMPTY_BODY = YES;
				CLANG_WARN_ENUM_CONVERSION = YES;
				CLANG_WARN_INT_CONVERSION = YES;
				CLANG_WARN_OBJC_ROOT_CLASS = YES_ERROR;
				CLANG_WARN_UNREACHABLE_CODE = YES;
				CLANG_WARN__DUPLICATE_METHOD_MATCH = YES;
				"CODE_SIGN_IDENTITY[sdk=iphoneos*]" = "iPhone Developer";
				COPY_PHASE_STRIP = NO;
				DEBUG_INFORMATION_FORMAT = "dwarf-with-dsym";
				ENABLE_NS_ASSERTIONS = NO;
				ENABLE_STRICT_OBJC_MSGSEND = YES;
				GCC_C_LANGUAGE_STANDARD = gnu99;
				GCC_NO_COMMON_BLOCKS = YES;
				GCC_WARN_64_TO_32_BIT_CONVERSION = YES;
				GCC_WARN_ABOUT_RETURN_TYPE = YES_ERROR;
				GCC_WARN_UNDECLARED_SELECTOR = YES;
				GCC_WARN_UNINITIALIZED_AUTOS = YES_AGGRESSIVE;
				GCC_WARN_UNUSED_FUNCTION = YES;
				GCC_WARN_UNUSED_VARIABLE = YES;
				IPHONEOS_DEPLOYMENT_TARGET = 8.3;
				MTL_ENABLE_DEBUG_INFO = NO;
				SDKROOT = iphoneos;
				TARGETED_DEVICE_FAMILY = "1,2";
				VALIDATE_PRODUCT = YES;
			};
			name = Release;
		};
		7F094DD31AEDCBB500AE693E /* Debug */ = {
			isa = XCBuildConfiguration;
			baseConfigurationReference = 908DA4C736026A43C7FD387E /* Pods-HomeBeacon.debug.xcconfig */;
			buildSettings = {
				ASSETCATALOG_COMPILER_APPICON_NAME = AppIcon;
				FRAMEWORK_SEARCH_PATHS = (
					"$(inherited)",
					"$(PROJECT_DIR)/build/Debug-iphoneos/Pods-HomeBeacon",
					"$(PROJECT_DIR)",
				);
				INFOPLIST_FILE = HomeBeacon/Info.plist;
				LD_RUNPATH_SEARCH_PATHS = "$(inherited) @executable_path/Frameworks";
				PRODUCT_NAME = "$(TARGET_NAME)";
			};
			name = Debug;
		};
		7F094DD41AEDCBB500AE693E /* Release */ = {
			isa = XCBuildConfiguration;
			baseConfigurationReference = 8CEB7611C184D852EF93B286 /* Pods-HomeBeacon.release.xcconfig */;
			buildSettings = {
				ASSETCATALOG_COMPILER_APPICON_NAME = AppIcon;
				FRAMEWORK_SEARCH_PATHS = (
					"$(inherited)",
					"$(PROJECT_DIR)/build/Debug-iphoneos/Pods-HomeBeacon",
					"$(PROJECT_DIR)",
				);
				INFOPLIST_FILE = HomeBeacon/Info.plist;
				LD_RUNPATH_SEARCH_PATHS = "$(inherited) @executable_path/Frameworks";
				PRODUCT_NAME = "$(TARGET_NAME)";
			};
			name = Release;
		};
		7F094DD61AEDCBB500AE693E /* Debug */ = {
			isa = XCBuildConfiguration;
			baseConfigurationReference = FE50FC4DFFCC8AF45BD731DE /* Pods-HomeBeaconTests.debug.xcconfig */;
			buildSettings = {
				BUNDLE_LOADER = "$(TEST_HOST)";
				FRAMEWORK_SEARCH_PATHS = (
					"$(SDKROOT)/Developer/Library/Frameworks",
					"$(inherited)",
				);
				GCC_PREPROCESSOR_DEFINITIONS = (
					"DEBUG=1",
					"$(inherited)",
				);
				INFOPLIST_FILE = HomeBeaconTests/Info.plist;
				LD_RUNPATH_SEARCH_PATHS = "$(inherited) @executable_path/Frameworks @loader_path/Frameworks";
				PRODUCT_NAME = "$(TARGET_NAME)";
				TEST_HOST = "$(BUILT_PRODUCTS_DIR)/HomeBeacon.app/HomeBeacon";
			};
			name = Debug;
		};
		7F094DD71AEDCBB500AE693E /* Release */ = {
			isa = XCBuildConfiguration;
			baseConfigurationReference = 5117208AAB18B7146FFE6ED0 /* Pods-HomeBeaconTests.release.xcconfig */;
			buildSettings = {
				BUNDLE_LOADER = "$(TEST_HOST)";
				FRAMEWORK_SEARCH_PATHS = (
					"$(SDKROOT)/Developer/Library/Frameworks",
					"$(inherited)",
				);
				INFOPLIST_FILE = HomeBeaconTests/Info.plist;
				LD_RUNPATH_SEARCH_PATHS = "$(inherited) @executable_path/Frameworks @loader_path/Frameworks";
				PRODUCT_NAME = "$(TARGET_NAME)";
				TEST_HOST = "$(BUILT_PRODUCTS_DIR)/HomeBeacon.app/HomeBeacon";
			};
			name = Release;
		};
/* End XCBuildConfiguration section */

/* Begin XCConfigurationList section */
		7F094DAE1AEDCBB500AE693E /* Build configuration list for PBXProject "HomeBeacon" */ = {
			isa = XCConfigurationList;
			buildConfigurations = (
				7F094DD01AEDCBB500AE693E /* Debug */,
				7F094DD11AEDCBB500AE693E /* Release */,
			);
			defaultConfigurationIsVisible = 0;
			defaultConfigurationName = Release;
		};
		7F094DD21AEDCBB500AE693E /* Build configuration list for PBXNativeTarget "HomeBeacon" */ = {
			isa = XCConfigurationList;
			buildConfigurations = (
				7F094DD31AEDCBB500AE693E /* Debug */,
				7F094DD41AEDCBB500AE693E /* Release */,
			);
			defaultConfigurationIsVisible = 0;
			defaultConfigurationName = Release;
		};
		7F094DD51AEDCBB500AE693E /* Build configuration list for PBXNativeTarget "HomeBeaconTests" */ = {
			isa = XCConfigurationList;
			buildConfigurations = (
				7F094DD61AEDCBB500AE693E /* Debug */,
				7F094DD71AEDCBB500AE693E /* Release */,
			);
			defaultConfigurationIsVisible = 0;
			defaultConfigurationName = Release;
		};
/* End XCConfigurationList section */
	};
	rootObject = 7F094DAB1AEDCBB500AE693E /* Project object */;
}
